Microsoft Visual Studio Solution File, Format Version 12.00
# Visual Studio 2012
Project("{FAE04EC0-301F-11D3-BF4B-00C04F79EFBC}") = "Dragon", "Dragon.csproj", "{152D3DB4-B808-4A29-ABB2-0889C43345EE}"
EndProject
Global
	GlobalSection(SolutionConfigurationPlatforms) = preSolution
	Debug|Any CPU = Debug|Any CPU
	ExportDebug|Any CPU = ExportDebug|Any CPU
	ExportRelease|Any CPU = ExportRelease|Any CPU
	EndGlobalSection
	GlobalSection(ProjectConfigurationPlatforms) = postSolution
		{152D3DB4-B808-4A29-ABB2-0889C43345EE}.Debug|Any CPU.ActiveCfg = Debug|Any CPU
		{152D3DB4-B808-4A29-ABB2-0889C43345EE}.Debug|Any CPU.Build.0 = Debug|Any CPU
		{152D3DB4-B808-4A29-ABB2-0889C43345EE}.ExportDebug|Any CPU.ActiveCfg = ExportDebug|Any CPU
		{152D3DB4-B808-4A29-ABB2-0889C43345EE}.ExportDebug|Any CPU.Build.0 = ExportDebug|Any CPU
		{152D3DB4-B808-4A29-ABB2-0889C43345EE}.ExportRelease|Any CPU.ActiveCfg = ExportRelease|Any CPU
		{152D3DB4-B808-4A29-ABB2-0889C43345EE}.ExportRelease|Any CPU.Build.0 = ExportRelease|Any CPU
	EndGlobalSection
EndGlobal
